
Microsoft Visual Studio Solution File, Format Version 12.00
# Visual Studio Version 17
VisualStudioVersion = 17.10.35013.160
MinimumVisualStudioVersion = 10.0.40219.1
Project("{2150E333-8FDC-42A3-9474-1A3956D46DE8}") = "src", "src", "{1B95C225-951C-443E-9355-D0D09F47CBC9}"
EndProject
Project("{FAE04EC0-301F-11D3-BF4B-00C04F79EFBC}") = "SyncEdgeToChrome", "SyncEdgeToChrome\SyncEdgeToChrome.csproj", "{609103BB-F5CE-42A1-A4C9-4726E74CEDA8}"
EndProject
Global
	GlobalSection(SolutionConfigurationPlatforms) = preSolution
		Debug|Any CPU = Debug|Any CPU
		Release|Any CPU = Release|Any CPU
	EndGlobalSection
	GlobalSection(ProjectConfigurationPlatforms) = postSolution
		{609103BB-F5CE-42A1-A4C9-4726E74CEDA8}.Debug|Any CPU.ActiveCfg = Debug|Any CPU
		{609103BB-F5CE-42A1-A4C9-4726E74CEDA8}.Debug|Any CPU.Build.0 = Debug|Any CPU
		{609103BB-F5CE-42A1-A4C9-4726E74CEDA8}.Release|Any CPU.ActiveCfg = Release|Any CPU
		{609103BB-F5CE-42A1-A4C9-4726E74CEDA8}.Release|Any CPU.Build.0 = Release|Any CPU
	EndGlobalSection
	GlobalSection(SolutionProperties) = preSolution
		HideSolutionNode = FALSE
	EndGlobalSection
	GlobalSection(NestedProjects) = preSolution
		{609103BB-F5CE-42A1-A4C9-4726E74CEDA8} = {1B95C225-951C-443E-9355-D0D09F47CBC9}
	EndGlobalSection
	GlobalSection(ExtensibilityGlobals) = postSolution
		SolutionGuid = {7D30F184-27FD-41FB-883C-0BE159F6BE22}
	EndGlobalSection
EndGlobal
